{
  "name": "authenticate-me",
  "version": "1.0.0",
  "lockfileVersion": 1,
  "requires": true,
  "dependencies": {
    "@use-it/event-listener": {
      "version": "0.1.6",
      "resolved": "https://registry.npmjs.org/@use-it/event-listener/-/event-listener-0.1.6.tgz",
      "integrity": "sha512-e6V7vbU8xpuqy4GZkTLExHffOFgxmGHo3kNWnlhzM/zcX2v+idbD/HaJ9sKdQMgTh+L7MIhdRDXGX3SdAViZzA=="
    },
    "classnames": {
      "version": "2.2.6",
      "resolved": "https://registry.npmjs.org/classnames/-/classnames-2.2.6.tgz",
      "integrity": "sha512-JR/iSQOSt+LQIWwrwEzJ9uk0xfN3mTVYMwt1Ir5mUcSN6pU+V4zQFFaJsclJbPuAUQH+yfWef6tm7l1quW3C8Q=="
    },
    "react-toggle": {
      "version": "4.1.1",
      "resolved": "https://registry.npmjs.org/react-toggle/-/react-toggle-4.1.1.tgz",
      "integrity": "sha512-+wXlMcSpg8SmnIXauMaZiKpR+r2wp2gMUteroejp2UTSqGTVvZLN+m9EhMzFARBKEw7KpQOwzCyfzeHeAndQGw==",
      "requires": {
        "classnames": "^2.2.5"
      }
    },
    "use-dark-mode": {
      "version": "2.3.1",
      "resolved": "https://registry.npmjs.org/use-dark-mode/-/use-dark-mode-2.3.1.tgz",
      "integrity": "sha512-hmcdJR96tTustRQdaQwe6jMrZHnmPqXBxgy4jaQ4gsfhwajsCpjECuq9prgDe9XxMx/f9r96o2/md6O4Lwhwjg==",
      "requires": {
        "@use-it/event-listener": "^0.1.2",
        "use-persisted-state": "^0.3.0"
      }
    },
    "use-persisted-state": {
      "version": "0.3.3",
      "resolved": "https://registry.npmjs.org/use-persisted-state/-/use-persisted-state-0.3.3.tgz",
      "integrity": "sha512-pCNlvYC8+XjRxwnIut4teGC9f2p9aD88R8OGseQGZa2dvqG/h1vEGk1vRE1IZG0Vf161UDpn+NlW4+UGubQflQ==",
      "requires": {
        "@use-it/event-listener": "^0.1.2"
      }
    }
  }
}
